
Microsoft Visual Studio Solution File, Format Version 12.00
# Visual Studio Version 17
VisualStudioVersion = 17.7.34024.191
MinimumVisualStudioVersion = 10.0.40219.1
Project("{8BC9CEB8-8B4A-11D0-8D11-00A0C91BC942}") = "HW ---- 29.09", "HW ---- 29.09\HW ---- 29.09.vcxproj", "{33966BB8-237F-4AD4-BFC4-9960CC91DEBE}"
EndProject
Global
	GlobalSection(SolutionConfigurationPlatforms) = preSolution
		Debug|x64 = Debug|x64
		Debug|x86 = Debug|x86
		Release|x64 = Release|x64
		Release|x86 = Release|x86
	EndGlobalSection
	GlobalSection(ProjectConfigurationPlatforms) = postSolution
		{33966BB8-237F-4AD4-BFC4-9960CC91DEBE}.Debug|x64.ActiveCfg = Debug|x64
		{33966BB8-237F-4AD4-BFC4-9960CC91DEBE}.Debug|x64.Build.0 = Debug|x64
		{33966BB8-237F-4AD4-BFC4-9960CC91DEBE}.Debug|x86.ActiveCfg = Debug|Win32
		{33966BB8-237F-4AD4-BFC4-9960CC91DEBE}.Debug|x86.Build.0 = Debug|Win32
		{33966BB8-237F-4AD4-BFC4-9960CC91DEBE}.Release|x64.ActiveCfg = Release|x64
		{33966BB8-237F-4AD4-BFC4-9960CC91DEBE}.Release|x64.Build.0 = Release|x64
		{33966BB8-237F-4AD4-BFC4-9960CC91DEBE}.Release|x86.ActiveCfg = Release|Win32
		{33966BB8-237F-4AD4-BFC4-9960CC91DEBE}.Release|x86.Build.0 = Release|Win32
	EndGlobalSection
	GlobalSection(SolutionProperties) = preSolution
		HideSolutionNode = FALSE
	EndGlobalSection
	GlobalSection(ExtensibilityGlobals) = postSolution
		SolutionGuid = {1E5F8DAB-BA9C-4321-AF1B-FA1385F0D40F}
	EndGlobalSection
EndGlobal
